// !$*UTF8*$!
{
	archiveVersion = 1;
	classes = {
	};
	objectVersion = 46;
	objects = {

/* Begin PBXBuildFile section */
		5BF9EC5919FA2D48000FE417 /* Foundation.framework in Frameworks */ = {isa = PBXBuildFile; fileRef = 5BF9EC5819FA2D48000FE417 /* Foundation.framework */; };
		5BF9EC5B19FA2D48000FE417 /* CoreGraphics.framework in Frameworks */ = {isa = PBXBuildFile; fileRef = 5BF9EC5A19FA2D48000FE417 /* CoreGraphics.framework */; };
		5BF9EC5D19FA2D48000FE417 /* UIKit.framework in Frameworks */ = {isa = PBXBuildFile; fileRef = 5BF9EC5C19FA2D48000FE417 /* UIKit.framework */; };
		5BF9EC6319FA2D48000FE417 /* InfoPlist.strings in Resources */ = {isa = PBXBuildFile; fileRef = 5BF9EC6119FA2D48000FE417 /* InfoPlist.strings */; };
		5BF9EC6519FA2D49000FE417 /* main.m in Sources */ = {isa = PBXBuildFile; fileRef = 5BF9EC6419FA2D49000FE417 /* main.m */; };
		5BF9EC6919FA2D49000FE417 /* AppDelegate.mm in Sources */ = {isa = PBXBuildFile; fileRef = 5BF9EC6819FA2D49000FE417 /* AppDelegate.mm */; };
		5BF9EC6C19FA2D49000FE417 /* Main_iPhone.storyboard in Resources */ = {isa = PBXBuildFile; fileRef = 5BF9EC6A19FA2D49000FE417 /* Main_iPhone.storyboard */; };
		5BF9EC6F19FA2D49000FE417 /* Main_iPad.storyboard in Resources */ = {isa = PBXBuildFile; fileRef = 5BF9EC6D19FA2D49000FE417 /* Main_iPad.storyboard */; };
		5BF9EC7219FA2D49000FE417 /* ViewController.mm in Sources */ = {isa = PBXBuildFile; fileRef = 5BF9EC7119FA2D49000FE417 /* ViewController.mm */; };
		5BF9EC7419FA2D49000FE417 /* Images.xcassets in Resources */ = {isa = PBXBuildFile; fileRef = 5BF9EC7319FA2D49000FE417 /* Images.xcassets */; };
		5BF9EC7B19FA2D49000FE417 /* XCTest.framework in Frameworks */ = {isa = PBXBuildFile; fileRef = 5BF9EC7A19FA2D49000FE417 /* XCTest.framework */; };
		5BF9EC7C19FA2D4A000FE417 /* Foundation.framework in Frameworks */ = {isa = PBXBuildFile; fileRef = 5BF9EC5819FA2D48000FE417 /* Foundation.framework */; };
		5BF9EC7D19FA2D4A000FE417 /* UIKit.framework in Frameworks */ = {isa = PBXBuildFile; fileRef = 5BF9EC5C19FA2D48000FE417 /* UIKit.framework */; };
		5BF9EC8519FA2D4A000FE417 /* InfoPlist.strings in Resources */ = {isa = PBXBuildFile; fileRef = 5BF9EC8319FA2D4A000FE417 /* InfoPlist.strings */; };
		5BF9EC8719FA2D4A000FE417 /* NotificationTests.m in Sources */ = {isa = PBXBuildFile; fileRef = 5BF9EC8619FA2D4A000FE417 /* NotificationTests.m */; };
		5BF9EDCF19FAA053000FE417 /* EBlock.cpp in Sources */ = {isa = PBXBuildFile; fileRef = 5BF9EDC019FAA053000FE417 /* EBlock.cpp */; };
		5BF9EDD019FAA053000FE417 /* EBlockParamEObjectParamList.cpp in Sources */ = {isa = PBXBuildFile; fileRef = 5BF9EDC219FAA053000FE417 /* EBlockParamEObjectParamList.cpp */; };
		5BF9EDD119FAA053000FE417 /* EComponent.cpp in Sources */ = {isa = PBXBuildFile; fileRef = 5BF9EDC419FAA053000FE417 /* EComponent.cpp */; };
		5BF9EDD219FAA053000FE417 /* EObject.cpp in Sources */ = {isa = PBXBuildFile; fileRef = 5BF9EDC619FAA053000FE417 /* EObject.cpp */; };
		5BF9EDD319FAA053000FE417 /* ENotification.cpp in Sources */ = {isa = PBXBuildFile; fileRef = 5BF9EDC919FAA053000FE417 /* ENotification.cpp */; };
		5BF9EDD419FAA053000FE417 /* ENotificationCenter.cpp in Sources */ = {isa = PBXBuildFile; fileRef = 5BF9EDCB19FAA053000FE417 /* ENotificationCenter.cpp */; };
		5BF9EDD519FAA053000FE417 /* ENotificationResponder.cpp in Sources */ = {isa = PBXBuildFile; fileRef = 5BF9EDCD19FAA053000FE417 /* ENotificationResponder.cpp */; };
/* End PBXBuildFile section */

/* Begin PBXContainerItemProxy section */
		5BF9EC7E19FA2D4A000FE417 /* PBXContainerItemProxy */ = {
			isa = PBXContainerItemProxy;
			containerPortal = 5BF9EC4D19FA2D48000FE417 /* Project object */;
			proxyType = 1;
			remoteGlobalIDString = 5BF9EC5419FA2D48000FE417;
			remoteInfo = Notification;
		};
/* End PBXContainerItemProxy section */

/* Begin PBXFileReference section */
		5BF9EC5519FA2D48000FE417 /* Notification.app */ = {isa = PBXFileReference; explicitFileType = wrapper.application; includeInIndex = 0; path = Notification.app; sourceTree = BUILT_PRODUCTS_DIR; };
		5BF9EC5819FA2D48000FE417 /* Foundation.framework */ = {isa = PBXFileReference; lastKnownFileType = wrapper.framework; name = Foundation.framework; path = System/Library/Frameworks/Foundation.framework; sourceTree = SDKROOT; };
		5BF9EC5A19FA2D48000FE417 /* CoreGraphics.framework */ = {isa = PBXFileReference; lastKnownFileType = wrapper.framework; name = CoreGraphics.framework; path = System/Library/Frameworks/CoreGraphics.framework; sourceTree = SDKROOT; };
		5BF9EC5C19FA2D48000FE417 /* UIKit.framework */ = {isa = PBXFileReference; lastKnownFileType = wrapper.framework; name = UIKit.framework; path = System/Library/Frameworks/UIKit.framework; sourceTree = SDKROOT; };
		5BF9EC6019FA2D48000FE417 /* Notification-Info.plist */ = {isa = PBXFileReference; lastKnownFileType = text.plist.xml; path = "Notification-Info.plist"; sourceTree = "<group>"; };
		5BF9EC6219FA2D48000FE417 /* en */ = {isa = PBXFileReference; lastKnownFileType = text.plist.strings; name = en; path = en.lproj/InfoPlist.strings; sourceTree = "<group>"; };
		5BF9EC6419FA2D49000FE417 /* main.m */ = {isa = PBXFileReference; lastKnownFileType = sourcecode.c.objc; path = main.m; sourceTree = "<group>"; };
		5BF9EC6619FA2D49000FE417 /* Notification-Prefix.pch */ = {isa = PBXFileReference; lastKnownFileType = sourcecode.c.h; path = "Notification-Prefix.pch"; sourceTree = "<group>"; };
		5BF9EC6719FA2D49000FE417 /* AppDelegate.h */ = {isa = PBXFileReference; lastKnownFileType = sourcecode.c.h; path = AppDelegate.h; sourceTree = "<group>"; };
		5BF9EC6819FA2D49000FE417 /* AppDelegate.mm */ = {isa = PBXFileReference; lastKnownFileType = sourcecode.cpp.objcpp; path = AppDelegate.mm; sourceTree = "<group>"; };
		5BF9EC6B19FA2D49000FE417 /* Base */ = {isa = PBXFileReference; lastKnownFileType = file.storyboard; name = Base; path = Base.lproj/Main_iPhone.storyboard; sourceTree = "<group>"; };
		5BF9EC6E19FA2D49000FE417 /* Base */ = {isa = PBXFileReference; lastKnownFileType = file.storyboard; name = Base; path = Base.lproj/Main_iPad.storyboard; sourceTree = "<group>"; };
		5BF9EC7019FA2D49000FE417 /* ViewController.h */ = {isa = PBXFileReference; lastKnownFileType = sourcecode.c.h; path = ViewController.h; sourceTree = "<group>"; };
		5BF9EC7119FA2D49000FE417 /* ViewController.mm */ = {isa = PBXFileReference; lastKnownFileType = sourcecode.cpp.objcpp; path = ViewController.mm; sourceTree = "<group>"; };
		5BF9EC7319FA2D49000FE417 /* Images.xcassets */ = {isa = PBXFileReference; lastKnownFileType = folder.assetcatalog; path = Images.xcassets; sourceTree = "<group>"; };
		5BF9EC7919FA2D49000FE417 /* NotificationTests.xctest */ = {isa = PBXFileReference; explicitFileType = wrapper.cfbundle; includeInIndex = 0; path = NotificationTests.xctest; sourceTree = BUILT_PRODUCTS_DIR; };
		5BF9EC7A19FA2D49000FE417 /* XCTest.framework */ = {isa = PBXFileReference; lastKnownFileType = wrapper.framework; name = XCTest.framework; path = Library/Frameworks/XCTest.framework; sourceTree = DEVELOPER_DIR; };
		5BF9EC8219FA2D4A000FE417 /* NotificationTests-Info.plist */ = {isa = PBXFileReference; lastKnownFileType = text.plist.xml; path = "NotificationTests-Info.plist"; sourceTree = "<group>"; };
		5BF9EC8419FA2D4A000FE417 /* en */ = {isa = PBXFileReference; lastKnownFileType = text.plist.strings; name = en; path = en.lproj/InfoPlist.strings; sourceTree = "<group>"; };
		5BF9EC8619FA2D4A000FE417 /* NotificationTests.m */ = {isa = PBXFileReference; lastKnownFileType = sourcecode.c.objc; path = NotificationTests.m; sourceTree = "<group>"; };
		5BF9EDC019FAA053000FE417 /* EBlock.cpp */ = {isa = PBXFileReference; fileEncoding = 4; lastKnownFileType = sourcecode.cpp.cpp; path = EBlock.cpp; sourceTree = "<group>"; };
		5BF9EDC119FAA053000FE417 /* EBlock.h */ = {isa = PBXFileReference; fileEncoding = 4; lastKnownFileType = sourcecode.c.h; path = EBlock.h; sourceTree = "<group>"; };
		5BF9EDC219FAA053000FE417 /* EBlockParamEObjectParamList.cpp */ = {isa = PBXFileReference; fileEncoding = 4; lastKnownFileType = sourcecode.cpp.cpp; path = EBlockParamEObjectParamList.cpp; sourceTree = "<group>"; };
		5BF9EDC319FAA053000FE417 /* EBlockParamEObjectParamList.h */ = {isa = PBXFileReference; fileEncoding = 4; lastKnownFileType = sourcecode.c.h; path = EBlockParamEObjectParamList.h; sourceTree = "<group>"; };
		5BF9EDC419FAA053000FE417 /* EComponent.cpp */ = {isa = PBXFileReference; fileEncoding = 4; lastKnownFileType = sourcecode.cpp.cpp; path = EComponent.cpp; sourceTree = "<group>"; };
		5BF9EDC519FAA053000FE417 /* EComponent.h */ = {isa = PBXFileReference; fileEncoding = 4; lastKnownFileType = sourcecode.c.h; path = EComponent.h; sourceTree = "<group>"; };
		5BF9EDC619FAA053000FE417 /* EObject.cpp */ = {isa = PBXFileReference; fileEncoding = 4; lastKnownFileType = sourcecode.cpp.cpp; path = EObject.cpp; sourceTree = "<group>"; };
		5BF9EDC719FAA053000FE417 /* EObject.h */ = {isa = PBXFileReference; fileEncoding = 4; lastKnownFileType = sourcecode.c.h; path = EObject.h; sourceTree = "<group>"; };
		5BF9EDC919FAA053000FE417 /* ENotification.cpp */ = {isa = PBXFileReference; fileEncoding = 4; lastKnownFileType = sourcecode.cpp.cpp; path = ENotification.cpp; sourceTree = "<group>"; };
		5BF9EDCA19FAA053000FE417 /* ENotification.h */ = {isa = PBXFileReference; fileEncoding = 4; lastKnownFileType = sourcecode.c.h; path = ENotification.h; sourceTree = "<group>"; };
		5BF9EDCB19FAA053000FE417 /* ENotificationCenter.cpp */ = {isa = PBXFileReference; fileEncoding = 4; lastKnownFileType = sourcecode.cpp.cpp; path = ENotificationCenter.cpp; sourceTree = "<group>"; };
		5BF9EDCC19FAA053000FE417 /* ENotificationCenter.h */ = {isa = PBXFileReference; fileEncoding = 4; lastKnownFileType = sourcecode.c.h; path = ENotificationCenter.h; sourceTree = "<group>"; };
		5BF9EDCD19FAA053000FE417 /* ENotificationResponder.cpp */ = {isa = PBXFileReference; fileEncoding = 4; lastKnownFileType = sourcecode.cpp.cpp; path = ENotificationResponder.cpp; sourceTree = "<group>"; };
		5BF9EDCE19FAA053000FE417 /* ENotificationResponder.h */ = {isa = PBXFileReference; fileEncoding = 4; lastKnownFileType = sourcecode.c.h; path = ENotificationResponder.h; sourceTree = "<group>"; };
/* End PBXFileReference section */

/* Begin PBXFrameworksBuildPhase section */
		5BF9EC5219FA2D48000FE417 /* Frameworks */ = {
			isa = PBXFrameworksBuildPhase;
			buildActionMask = 2147483647;
			files = (
				5BF9EC5B19FA2D48000FE417 /* CoreGraphics.framework in Frameworks */,
				5BF9EC5D19FA2D48000FE417 /* UIKit.framework in Frameworks */,
				5BF9EC5919FA2D48000FE417 /* Foundation.framework in Frameworks */,
			);
			runOnlyForDeploymentPostprocessing = 0;
		};
		5BF9EC7619FA2D49000FE417 /* Frameworks */ = {
			isa = PBXFrameworksBuildPhase;
			buildActionMask = 2147483647;
			files = (
				5BF9EC7B19FA2D49000FE417 /* XCTest.framework in Frameworks */,
				5BF9EC7D19FA2D4A000FE417 /* UIKit.framework in Frameworks */,
				5BF9EC7C19FA2D4A000FE417 /* Foundation.framework in Frameworks */,
			);
			runOnlyForDeploymentPostprocessing = 0;
		};
/* End PBXFrameworksBuildPhase section */

/* Begin PBXGroup section */
		5BF9EC4C19FA2D48000FE417 = {
			isa = PBXGroup;
			children = (
				5BF9EC5E19FA2D48000FE417 /* Notification */,
				5BF9EC8019FA2D4A000FE417 /* NotificationTests */,
				5BF9EC5719FA2D48000FE417 /* Frameworks */,
				5BF9EC5619FA2D48000FE417 /* Products */,
			);
			sourceTree = "<group>";
		};
		5BF9EC5619FA2D48000FE417 /* Products */ = {
			isa = PBXGroup;
			children = (
				5BF9EC5519FA2D48000FE417 /* Notification.app */,
				5BF9EC7919FA2D49000FE417 /* NotificationTests.xctest */,
			);
			name = Products;
			sourceTree = "<group>";
		};
		5BF9EC5719FA2D48000FE417 /* Frameworks */ = {
			isa = PBXGroup;
			children = (
				5BF9EC5819FA2D48000FE417 /* Foundation.framework */,
				5BF9EC5A19FA2D48000FE417 /* CoreGraphics.framework */,
				5BF9EC5C19FA2D48000FE417 /* UIKit.framework */,
				5BF9EC7A19FA2D49000FE417 /* XCTest.framework */,
			);
			name = Frameworks;
			sourceTree = "<group>";
		};
		5BF9EC5E19FA2D48000FE417 /* Notification */ = {
			isa = PBXGroup;
			children = (
				5BF9EDBF19FAA053000FE417 /* infrastructure */,
				5BF9EDC819FAA053000FE417 /* notifications */,
				5BF9EC6719FA2D49000FE417 /* AppDelegate.h */,
				5BF9EC6819FA2D49000FE417 /* AppDelegate.mm */,
				5BF9EC6A19FA2D49000FE417 /* Main_iPhone.storyboard */,
				5BF9EC6D19FA2D49000FE417 /* Main_iPad.storyboard */,
				5BF9EC7019FA2D49000FE417 /* ViewController.h */,
				5BF9EC7119FA2D49000FE417 /* ViewController.mm */,
				5BF9EC7319FA2D49000FE417 /* Images.xcassets */,
				5BF9EC5F19FA2D48000FE417 /* Supporting Files */,
			);
			path = Notification;
			sourceTree = "<group>";
		};
		5BF9EC5F19FA2D48000FE417 /* Supporting Files */ = {
			isa = PBXGroup;
			children = (
				5BF9EC6019FA2D48000FE417 /* Notification-Info.plist */,
				5BF9EC6119FA2D48000FE417 /* InfoPlist.strings */,
				5BF9EC6419FA2D49000FE417 /* main.m */,
				5BF9EC6619FA2D49000FE417 /* Notification-Prefix.pch */,
			);
			name = "Supporting Files";
			sourceTree = "<group>";
		};
		5BF9EC8019FA2D4A000FE417 /* NotificationTests */ = {
			isa = PBXGroup;
			children = (
				5BF9EC8619FA2D4A000FE417 /* NotificationTests.m */,
				5BF9EC8119FA2D4A000FE417 /* Supporting Files */,
			);
			path = NotificationTests;
			sourceTree = "<group>";
		};
		5BF9EC8119FA2D4A000FE417 /* Supporting Files */ = {
			isa = PBXGroup;
			children = (
				5BF9EC8219FA2D4A000FE417 /* NotificationTests-Info.plist */,
				5BF9EC8319FA2D4A000FE417 /* InfoPlist.strings */,
			);
			name = "Supporting Files";
			sourceTree = "<group>";
		};
		5BF9EDBF19FAA053000FE417 /* infrastructure */ = {
			isa = PBXGroup;
			children = (
				5BF9EDC019FAA053000FE417 /* EBlock.cpp */,
				5BF9EDC119FAA053000FE417 /* EBlock.h */,
				5BF9EDC219FAA053000FE417 /* EBlockParamEObjectParamList.cpp */,
				5BF9EDC319FAA053000FE417 /* EBlockParamEObjectParamList.h */,
				5BF9EDC419FAA053000FE417 /* EComponent.cpp */,
				5BF9EDC519FAA053000FE417 /* EComponent.h */,
				5BF9EDC619FAA053000FE417 /* EObject.cpp */,
				5BF9EDC719FAA053000FE417 /* EObject.h */,
			);
			path = infrastructure;
			sourceTree = SOURCE_ROOT;
		};
		5BF9EDC819FAA053000FE417 /* notifications */ = {
			isa = PBXGroup;
			children = (
				5BF9EDC919FAA053000FE417 /* ENotification.cpp */,
				5BF9EDCA19FAA053000FE417 /* ENotification.h */,
				5BF9EDCB19FAA053000FE417 /* ENotificationCenter.cpp */,
				5BF9EDCC19FAA053000FE417 /* ENotificationCenter.h */,
				5BF9EDCD19FAA053000FE417 /* ENotificationResponder.cpp */,
				5BF9EDCE19FAA053000FE417 /* ENotificationResponder.h */,
			);
			path = notifications;
			sourceTree = SOURCE_ROOT;
		};
/* End PBXGroup section */

/* Begin PBXNativeTarget section */
		5BF9EC5419FA2D48000FE417 /* Notification */ = {
			isa = PBXNativeTarget;
			buildConfigurationList = 5BF9EC8A19FA2D4A000FE417 /* Build configuration list for PBXNativeTarget "Notification" */;
			buildPhases = (
				5BF9EC5119FA2D48000FE417 /* Sources */,
				5BF9EC5219FA2D48000FE417 /* Frameworks */,
				5BF9EC5319FA2D48000FE417 /* Resources */,
			);
			buildRules = (
			);
			dependencies = (
			);
			name = Notification;
			productName = Notification;
			productReference = 5BF9EC5519FA2D48000FE417 /* Notification.app */;
			productType = "com.apple.product-type.application";
		};
		5BF9EC7819FA2D49000FE417 /* NotificationTests */ = {
			isa = PBXNativeTarget;
			buildConfigurationList = 5BF9EC8D19FA2D4A000FE417 /* Build configuration list for PBXNativeTarget "NotificationTests" */;
			buildPhases = (
				5BF9EC7519FA2D49000FE417 /* Sources */,
				5BF9EC7619FA2D49000FE417 /* Frameworks */,
				5BF9EC7719FA2D49000FE417 /* Resources */,
			);
			buildRules = (
			);
			dependencies = (
				5BF9EC7F19FA2D4A000FE417 /* PBXTargetDependency */,
			);
			name = NotificationTests;
			productName = NotificationTests;
			productReference = 5BF9EC7919FA2D49000FE417 /* NotificationTests.xctest */;
			productType = "com.apple.product-type.bundle.unit-test";
		};
/* End PBXNativeTarget section */

/* Begin PBXProject section */
		5BF9EC4D19FA2D48000FE417 /* Project object */ = {
			isa = PBXProject;
			attributes = {
				LastUpgradeCheck = 0510;
				ORGANIZATIONNAME = HackPro;
				TargetAttributes = {
					5BF9EC7819FA2D49000FE417 = {
						TestTargetID = 5BF9EC5419FA2D48000FE417;
					};
				};
			};
			buildConfigurationList = 5BF9EC5019FA2D48000FE417 /* Build configuration list for PBXProject "Notification" */;
			compatibilityVersion = "Xcode 3.2";
			developmentRegion = English;
			hasScannedForEncodings = 0;
			knownRegions = (
				en,
				Base,
			);
			mainGroup = 5BF9EC4C19FA2D48000FE417;
			productRefGroup = 5BF9EC5619FA2D48000FE417 /* Products */;
			projectDirPath = "";
			projectRoot = "";
			targets = (
				5BF9EC5419FA2D48000FE417 /* Notification */,
				5BF9EC7819FA2D49000FE417 /* NotificationTests */,
			);
		};
/* End PBXProject section */

/* Begin PBXResourcesBuildPhase section */
		5BF9EC5319FA2D48000FE417 /* Resources */ = {
			isa = PBXResourcesBuildPhase;
			buildActionMask = 2147483647;
			files = (
				5BF9EC6F19FA2D49000FE417 /* Main_iPad.storyboard in Resources */,
				5BF9EC7419FA2D49000FE417 /* Images.xcassets in Resources */,
				5BF9EC6C19FA2D49000FE417 /* Main_iPhone.storyboard in Resources */,
				5BF9EC6319FA2D48000FE417 /* InfoPlist.strings in Resources */,
			);
			runOnlyForDeploymentPostprocessing = 0;
		};
		5BF9EC7719FA2D49000FE417 /* Resources */ = {
			isa = PBXResourcesBuildPhase;
			buildActionMask = 2147483647;
			files = (
				5BF9EC8519FA2D4A000FE417 /* InfoPlist.strings in Resources */,
			);
			runOnlyForDeploymentPostprocessing = 0;
		};
/* End PBXResourcesBuildPhase section */

/* Begin PBXSourcesBuildPhase section */
		5BF9EC5119FA2D48000FE417 /* Sources */ = {
			isa = PBXSourcesBuildPhase;
			buildActionMask = 2147483647;
			files = (
				5BF9EDD019FAA053000FE417 /* EBlockParamEObjectParamList.cpp in Sources */,
				5BF9EDD119FAA053000FE417 /* EComponent.cpp in Sources */,
				5BF9EC7219FA2D49000FE417 /* ViewController.mm in Sources */,
				5BF9EC6919FA2D49000FE417 /* AppDelegate.mm in Sources */,
				5BF9EC6519FA2D49000FE417 /* main.m in Sources */,
				5BF9EDCF19FAA053000FE417 /* EBlock.cpp in Sources */,
				5BF9EDD419FAA053000FE417 /* ENotificationCenter.cpp in Sources */,
				5BF9EDD519FAA053000FE417 /* ENotificationResponder.cpp in Sources */,
				5BF9EDD319FAA053000FE417 /* ENotification.cpp in Sources */,
				5BF9EDD219FAA053000FE417 /* EObject.cpp in Sources */,
			);
			runOnlyForDeploymentPostprocessing = 0;
		};
		5BF9EC7519FA2D49000FE417 /* Sources */ = {
			isa = PBXSourcesBuildPhase;
			buildActionMask = 2147483647;
			files = (
				5BF9EC8719FA2D4A000FE417 /* NotificationTests.m in Sources */,
			);
			runOnlyForDeploymentPostprocessing = 0;
		};
/* End PBXSourcesBuildPhase section */

/* Begin PBXTargetDependency section */
		5BF9EC7F19FA2D4A000FE417 /* PBXTargetDependency */ = {
			isa = PBXTargetDependency;
			target = 5BF9EC5419FA2D48000FE417 /* Notification */;
			targetProxy = 5BF9EC7E19FA2D4A000FE417 /* PBXContainerItemProxy */;
		};
/* End PBXTargetDependency section */

/* Begin PBXVariantGroup section */
		5BF9EC6119FA2D48000FE417 /* InfoPlist.strings */ = {
			isa = PBXVariantGroup;
			children = (
				5BF9EC6219FA2D48000FE417 /* en */,
			);
			name = InfoPlist.strings;
			sourceTree = "<group>";
		};
		5BF9EC6A19FA2D49000FE417 /* Main_iPhone.storyboard */ = {
			isa = PBXVariantGroup;
			children = (
				5BF9EC6B19FA2D49000FE417 /* Base */,
			);
			name = Main_iPhone.storyboard;
			sourceTree = "<group>";
		};
		5BF9EC6D19FA2D49000FE417 /* Main_iPad.storyboard */ = {
			isa = PBXVariantGroup;
			children = (
				5BF9EC6E19FA2D49000FE417 /* Base */,
			);
			name = Main_iPad.storyboard;
			sourceTree = "<group>";
		};
		5BF9EC8319FA2D4A000FE417 /* InfoPlist.strings */ = {
			isa = PBXVariantGroup;
			children = (
				5BF9EC8419FA2D4A000FE417 /* en */,
			);
			name = InfoPlist.strings;
			sourceTree = "<group>";
		};
/* End PBXVariantGroup section */

/* Begin XCBuildConfiguration section */
		5BF9EC8819FA2D4A000FE417 /* Debug */ = {
			isa = XCBuildConfiguration;
			buildSettings = {
				ALWAYS_SEARCH_USER_PATHS = NO;
				CLANG_CXX_LANGUAGE_STANDARD = "gnu++0x";
				CLANG_CXX_LIBRARY = "libc++";
				CLANG_ENABLE_MODULES = YES;
				CLANG_ENABLE_OBJC_ARC = YES;
				CLANG_WARN_BOOL_CONVERSION = YES;
				CLANG_WARN_CONSTANT_CONVERSION = YES;
				CLANG_WARN_DIRECT_OBJC_ISA_USAGE = YES_ERROR;
				CLANG_WARN_EMPTY_BODY = YES;
				CLANG_WARN_ENUM_CONVERSION = YES;
				CLANG_WARN_INT_CONVERSION = YES;
				CLANG_WARN_OBJC_ROOT_CLASS = YES_ERROR;
				CLANG_WARN__DUPLICATE_METHOD_MATCH = YES;
				"CODE_SIGN_IDENTITY[sdk=iphoneos*]" = "iPhone Developer";
				COPY_PHASE_STRIP = NO;
				GCC_C_LANGUAGE_STANDARD = gnu99;
				GCC_DYNAMIC_NO_PIC = NO;
				GCC_OPTIMIZATION_LEVEL = 0;
				GCC_PREPROCESSOR_DEFINITIONS = (
					"DEBUG=1",
					"$(inherited)",
				);
				GCC_SYMBOLS_PRIVATE_EXTERN = NO;
				GCC_WARN_64_TO_32_BIT_CONVERSION = YES;
				GCC_WARN_ABOUT_RETURN_TYPE = YES_ERROR;
				GCC_WARN_UNDECLARED_SELECTOR = YES;
				GCC_WARN_UNINITIALIZED_AUTOS = YES_AGGRESSIVE;
				GCC_WARN_UNUSED_FUNCTION = YES;
				GCC_WARN_UNUSED_VARIABLE = YES;
				IPHONEOS_DEPLOYMENT_TARGET = 7.1;
				ONLY_ACTIVE_ARCH = YES;
				SDKROOT = iphoneos;
				TARGETED_DEVICE_FAMILY = "1,2";
			};
			name = Debug;
		};
		5BF9EC8919FA2D4A000FE417 /* Release */ = {
			isa = XCBuildConfiguration;
			buildSettings = {
				ALWAYS_SEARCH_USER_PATHS = NO;
				CLANG_CXX_LANGUAGE_STANDARD = "gnu++0x";
				CLANG_CXX_LIBRARY = "libc++";
				CLANG_ENABLE_MODULES = YES;
				CLANG_ENABLE_OBJC_ARC = YES;
				CLANG_WARN_BOOL_CONVERSION = YES;
				CLANG_WARN_CONSTANT_CONVERSION = YES;
				CLANG_WARN_DIRECT_OBJC_ISA_USAGE = YES_ERROR;
				CLANG_WARN_EMPTY_BODY = YES;
				CLANG_WARN_ENUM_CONVERSION = YES;
				CLANG_WARN_INT_CONVERSION = YES;
				CLANG_WARN_OBJC_ROOT_CLASS = YES_ERROR;
				CLANG_WARN__DUPLICATE_METHOD_MATCH = YES;
				"CODE_SIGN_IDENTITY[sdk=iphoneos*]" = "iPhone Developer";
				COPY_PHASE_STRIP = YES;
				ENABLE_NS_ASSERTIONS = NO;
				GCC_C_LANGUAGE_STANDARD = gnu99;
				GCC_WARN_64_TO_32_BIT_CONVERSION = YES;
				GCC_WARN_ABOUT_RETURN_TYPE = YES_ERROR;
				GCC_WARN_UNDECLARED_SELECTOR = YES;
				GCC_WARN_UNINITIALIZED_AUTOS = YES_AGGRESSIVE;
				GCC_WARN_UNUSED_FUNCTION = YES;
				GCC_WARN_UNUSED_VARIABLE = YES;
				IPHONEOS_DEPLOYMENT_TARGET = 7.1;
				SDKROOT = iphoneos;
				TARGETED_DEVICE_FAMILY = "1,2";
				VALIDATE_PRODUCT = YES;
			};
			name = Release;
		};
		5BF9EC8B19FA2D4A000FE417 /* Debug */ = {
			isa = XCBuildConfiguration;
			buildSettings = {
				ASSETCATALOG_COMPILER_APPICON_NAME = AppIcon;
				ASSETCATALOG_COMPILER_LAUNCHIMAGE_NAME = LaunchImage;
				GCC_PRECOMPILE_PREFIX_HEADER = YES;
				GCC_PREFIX_HEADER = "Notification/Notification-Prefix.pch";
				HEADER_SEARCH_PATHS = (
					"$(inherited)",
					/Applications/Xcode.app/Contents/Developer/Toolchains/OSX10.9.xctoolchain/usr/include,
					"$(SRCROOT)/",
				);
				INFOPLIST_FILE = "Notification/Notification-Info.plist";
				PRODUCT_NAME = "$(TARGET_NAME)";
				WRAPPER_EXTENSION = app;
			};
			name = Debug;
		};
		5BF9EC8C19FA2D4A000FE417 /* Release */ = {
			isa = XCBuildConfiguration;
			buildSettings = {
				ASSETCATALOG_COMPILER_APPICON_NAME = AppIcon;
				ASSETCATALOG_COMPILER_LAUNCHIMAGE_NAME = LaunchImage;
				GCC_PRECOMPILE_PREFIX_HEADER = YES;
				GCC_PREFIX_HEADER = "Notification/Notification-Prefix.pch";
				HEADER_SEARCH_PATHS = (
					"$(inherited)",
					/Applications/Xcode.app/Contents/Developer/Toolchains/OSX10.9.xctoolchain/usr/include,
					"$(SRCROOT)/",
				);
				INFOPLIST_FILE = "Notification/Notification-Info.plist";
				PRODUCT_NAME = "$(TARGET_NAME)";
				WRAPPER_EXTENSION = app;
			};
			name = Release;
		};
		5BF9EC8E19FA2D4A000FE417 /* Debug */ = {
			isa = XCBuildConfiguration;
			buildSettings = {
				BUNDLE_LOADER = "$(BUILT_PRODUCTS_DIR)/Notification.app/Notification";
				FRAMEWORK_SEARCH_PATHS = (
					"$(SDKROOT)/Developer/Library/Frameworks",
					"$(inherited)",
					"$(DEVELOPER_FRAMEWORKS_DIR)",
				);
				GCC_PRECOMPILE_PREFIX_HEADER = YES;
				GCC_PREFIX_HEADER = "Notification/Notification-Prefix.pch";
				GCC_PREPROCESSOR_DEFINITIONS = (
					"DEBUG=1",
					"$(inherited)",
				);
				INFOPLIST_FILE = "NotificationTests/NotificationTests-Info.plist";
				PRODUCT_NAME = "$(TARGET_NAME)";
				TEST_HOST = "$(BUNDLE_LOADER)";
				WRAPPER_EXTENSION = xctest;
			};
			name = Debug;
		};
		5BF9EC8F19FA2D4A000FE417 /* Release */ = {
			isa = XCBuildConfiguration;
			buildSettings = {
				BUNDLE_LOADER = "$(BUILT_PRODUCTS_DIR)/Notification.app/Notification";
				FRAMEWORK_SEARCH_PATHS = (
					"$(SDKROOT)/Developer/Library/Frameworks",
					"$(inherited)",
					"$(DEVELOPER_FRAMEWORKS_DIR)",
				);
				GCC_PRECOMPILE_PREFIX_HEADER = YES;
				GCC_PREFIX_HEADER = "Notification/Notification-Prefix.pch";
				INFOPLIST_FILE = "NotificationTests/NotificationTests-Info.plist";
				PRODUCT_NAME = "$(TARGET_NAME)";
				TEST_HOST = "$(BUNDLE_LOADER)";
				WRAPPER_EXTENSION = xctest;
			};
			name = Release;
		};
/* End XCBuildConfiguration section */

/* Begin XCConfigurationList section */
		5BF9EC5019FA2D48000FE417 /* Build configuration list for PBXProject "Notification" */ = {
			isa = XCConfigurationList;
			buildConfigurations = (
				5BF9EC8819FA2D4A000FE417 /* Debug */,
				5BF9EC8919FA2D4A000FE417 /* Release */,
			);
			defaultConfigurationIsVisible = 0;
			defaultConfigurationName = Release;
		};
		5BF9EC8A19FA2D4A000FE417 /* Build configuration list for PBXNativeTarget "Notification" */ = {
			isa = XCConfigurationList;
			buildConfigurations = (
				5BF9EC8B19FA2D4A000FE417 /* Debug */,
				5BF9EC8C19FA2D4A000FE417 /* Release */,
			);
			defaultConfigurationIsVisible = 0;
		};
		5BF9EC8D19FA2D4A000FE417 /* Build configuration list for PBXNativeTarget "NotificationTests" */ = {
			isa = XCConfigurationList;
			buildConfigurations = (
				5BF9EC8E19FA2D4A000FE417 /* Debug */,
				5BF9EC8F19FA2D4A000FE417 /* Release */,
			);
			defaultConfigurationIsVisible = 0;
		};
/* End XCConfigurationList section */
	};
	rootObject = 5BF9EC4D19FA2D48000FE417 /* Project object */;
}
